// !$*UTF8*$!
{
	archiveVersion = 1;
	classes = {
	};
	objectVersion = 52;
	objects = {

/* Begin PBXBuildFile section */
		04E0B34B50FBA89E3B1E3085 /* Pods_SSHPadTests.framework in Frameworks */ = {isa = PBXBuildFile; fileRef = A86BD16A1FAC535BC9AF8838 /* Pods_SSHPadTests.framework */; };
		1A41FE71AB6227036FF4DB45 /* Pods_SSHPad.framework in Frameworks */ = {isa = PBXBuildFile; fileRef = 66E7CC1503639CDEB403D305 /* Pods_SSHPad.framework */; };
		5B1813DBA7326AE02608ACCD /* Pods_SSHPad_SSHPadUITests.framework in Frameworks */ = {isa = PBXBuildFile; fileRef = CDF30336A27BA747D544A5B8 /* Pods_SSHPad_SSHPadUITests.framework */; };
		7CA7BE9E26D6F1B1003C14CC /* Assets.xcassets in Resources */ = {isa = PBXBuildFile; fileRef = 7CA7BE9D26D6F1B1003C14CC /* Assets.xcassets */; };
		7CA7BEA126D6F1B1003C14CC /* LaunchScreen.storyboard in Resources */ = {isa = PBXBuildFile; fileRef = 7CA7BE9F26D6F1B1003C14CC /* LaunchScreen.storyboard */; };
		7CA7BEAC26D6F1B1003C14CC /* SSHPadTests.swift in Sources */ = {isa = PBXBuildFile; fileRef = 7CA7BEAB26D6F1B1003C14CC /* SSHPadTests.swift */; };
		7CA7BEB726D6F1B1003C14CC /* SSHPadUITests.swift in Sources */ = {isa = PBXBuildFile; fileRef = 7CA7BEB626D6F1B1003C14CC /* SSHPadUITests.swift */; };
		7CA7BED026D87DBC003C14CC /* SwiftKeychainWrapper in Frameworks */ = {isa = PBXBuildFile; productRef = 7CA7BECF26D87DBC003C14CC /* SwiftKeychainWrapper */; };
		7CA7BED226D88168003C14CC /* ViewController.swift in Sources */ = {isa = PBXBuildFile; fileRef = 7CA7BE9826D6F1B0003C14CC /* ViewController.swift */; };
		7CA7BED326D8816C003C14CC /* SignInViewController.swift in Sources */ = {isa = PBXBuildFile; fileRef = 7CA7BEC926D71EDA003C14CC /* SignInViewController.swift */; };
		7CA7BED426D88170003C14CC /* AppDelegate.swift in Sources */ = {isa = PBXBuildFile; fileRef = 7CA7BE9426D6F1B0003C14CC /* AppDelegate.swift */; };
		7CA7BED526D88173003C14CC /* SceneDelegate.swift in Sources */ = {isa = PBXBuildFile; fileRef = 7CA7BE9626D6F1B0003C14CC /* SceneDelegate.swift */; };
		7CA7BED726D8817D003C14CC /* SSHPad-Bridging-Header.h in Sources */ = {isa = PBXBuildFile; fileRef = 7CA7BEC526D6F96A003C14CC /* SSHPad-Bridging-Header.h */; };
		7CA7BED926D8834B003C14CC /* SignInViewModel.swift in Sources */ = {isa = PBXBuildFile; fileRef = 7CA7BED826D8834B003C14CC /* SignInViewModel.swift */; };
		7CA7BEDC26D8873D003C14CC /* TextFieldTag.swift in Sources */ = {isa = PBXBuildFile; fileRef = 7CA7BEDB26D8873D003C14CC /* TextFieldTag.swift */; };
/* End PBXBuildFile section */

/* Begin PBXContainerItemProxy section */
		7CA7BEA826D6F1B1003C14CC /* PBXContainerItemProxy */ = {
			isa = PBXContainerItemProxy;
			containerPortal = 7CA7BE8926D6F1B0003C14CC /* Project object */;
			proxyType = 1;
			remoteGlobalIDString = 7CA7BE9026D6F1B0003C14CC;
			remoteInfo = SSHPad;
		};
		7CA7BEB326D6F1B1003C14CC /* PBXContainerItemProxy */ = {
			isa = PBXContainerItemProxy;
			containerPortal = 7CA7BE8926D6F1B0003C14CC /* Project object */;
			proxyType = 1;
			remoteGlobalIDString = 7CA7BE9026D6F1B0003C14CC;
			remoteInfo = SSHPad;
		};
/* End PBXContainerItemProxy section */

/* Begin PBXFileReference section */
		66E7CC1503639CDEB403D305 /* Pods_SSHPad.framework */ = {isa = PBXFileReference; explicitFileType = wrapper.framework; includeInIndex = 0; path = Pods_SSHPad.framework; sourceTree = BUILT_PRODUCTS_DIR; };
		799467A062862F846825F07B /* Pods-SSHPadTests.debug.xcconfig */ = {isa = PBXFileReference; includeInIndex = 1; lastKnownFileType = text.xcconfig; name = "Pods-SSHPadTests.debug.xcconfig"; path = "Target Support Files/Pods-SSHPadTests/Pods-SSHPadTests.debug.xcconfig"; sourceTree = "<group>"; };
		7CA7BE9126D6F1B0003C14CC /* SSHPad.app */ = {isa = PBXFileReference; explicitFileType = wrapper.application; includeInIndex = 0; path = SSHPad.app; sourceTree = BUILT_PRODUCTS_DIR; };
		7CA7BE9426D6F1B0003C14CC /* AppDelegate.swift */ = {isa = PBXFileReference; lastKnownFileType = sourcecode.swift; path = AppDelegate.swift; sourceTree = "<group>"; };
		7CA7BE9626D6F1B0003C14CC /* SceneDelegate.swift */ = {isa = PBXFileReference; lastKnownFileType = sourcecode.swift; path = SceneDelegate.swift; sourceTree = "<group>"; };
		7CA7BE9826D6F1B0003C14CC /* ViewController.swift */ = {isa = PBXFileReference; lastKnownFileType = sourcecode.swift; path = ViewController.swift; sourceTree = "<group>"; };
		7CA7BE9D26D6F1B1003C14CC /* Assets.xcassets */ = {isa = PBXFileReference; lastKnownFileType = folder.assetcatalog; path = Assets.xcassets; sourceTree = "<group>"; };
		7CA7BEA026D6F1B1003C14CC /* Base */ = {isa = PBXFileReference; lastKnownFileType = file.storyboard; name = Base; path = Base.lproj/LaunchScreen.storyboard; sourceTree = "<group>"; };
		7CA7BEA226D6F1B1003C14CC /* Info.plist */ = {isa = PBXFileReference; lastKnownFileType = text.plist.xml; path = Info.plist; sourceTree = "<group>"; };
		7CA7BEA726D6F1B1003C14CC /* SSHPadTests.xctest */ = {isa = PBXFileReference; explicitFileType = wrapper.cfbundle; includeInIndex = 0; path = SSHPadTests.xctest; sourceTree = BUILT_PRODUCTS_DIR; };
		7CA7BEAB26D6F1B1003C14CC /* SSHPadTests.swift */ = {isa = PBXFileReference; lastKnownFileType = sourcecode.swift; path = SSHPadTests.swift; sourceTree = "<group>"; };
		7CA7BEAD26D6F1B1003C14CC /* Info.plist */ = {isa = PBXFileReference; lastKnownFileType = text.plist.xml; path = Info.plist; sourceTree = "<group>"; };
		7CA7BEB226D6F1B1003C14CC /* SSHPadUITests.xctest */ = {isa = PBXFileReference; explicitFileType = wrapper.cfbundle; includeInIndex = 0; path = SSHPadUITests.xctest; sourceTree = BUILT_PRODUCTS_DIR; };
		7CA7BEB626D6F1B1003C14CC /* SSHPadUITests.swift */ = {isa = PBXFileReference; lastKnownFileType = sourcecode.swift; path = SSHPadUITests.swift; sourceTree = "<group>"; };
		7CA7BEB826D6F1B1003C14CC /* Info.plist */ = {isa = PBXFileReference; lastKnownFileType = text.plist.xml; path = Info.plist; sourceTree = "<group>"; };
		7CA7BEC526D6F96A003C14CC /* SSHPad-Bridging-Header.h */ = {isa = PBXFileReference; lastKnownFileType = sourcecode.c.h; path = "SSHPad-Bridging-Header.h"; sourceTree = "<group>"; };
		7CA7BEC826D70F2D003C14CC /* README.md */ = {isa = PBXFileReference; lastKnownFileType = net.daringfireball.markdown; path = README.md; sourceTree = "<group>"; };
		7CA7BEC926D71EDA003C14CC /* SignInViewController.swift */ = {isa = PBXFileReference; lastKnownFileType = sourcecode.swift; path = SignInViewController.swift; sourceTree = "<group>"; };
		7CA7BED826D8834B003C14CC /* SignInViewModel.swift */ = {isa = PBXFileReference; lastKnownFileType = sourcecode.swift; path = SignInViewModel.swift; sourceTree = "<group>"; };
		7CA7BEDB26D8873D003C14CC /* TextFieldTag.swift */ = {isa = PBXFileReference; lastKnownFileType = sourcecode.swift; path = TextFieldTag.swift; sourceTree = "<group>"; };
		A3E00036C925E309783E9606 /* Pods-SSHPad-SSHPadUITests.debug.xcconfig */ = {isa = PBXFileReference; includeInIndex = 1; lastKnownFileType = text.xcconfig; name = "Pods-SSHPad-SSHPadUITests.debug.xcconfig"; path = "Target Support Files/Pods-SSHPad-SSHPadUITests/Pods-SSHPad-SSHPadUITests.debug.xcconfig"; sourceTree = "<group>"; };
		A86BD16A1FAC535BC9AF8838 /* Pods_SSHPadTests.framework */ = {isa = PBXFileReference; explicitFileType = wrapper.framework; includeInIndex = 0; path = Pods_SSHPadTests.framework; sourceTree = BUILT_PRODUCTS_DIR; };
		AF137710F2BA5CB3E6143E69 /* Pods-SSHPad.release.xcconfig */ = {isa = PBXFileReference; includeInIndex = 1; lastKnownFileType = text.xcconfig; name = "Pods-SSHPad.release.xcconfig"; path = "Target Support Files/Pods-SSHPad/Pods-SSHPad.release.xcconfig"; sourceTree = "<group>"; };
		BCEBC95763896202D5790DF8 /* Pods-SSHPadTests.release.xcconfig */ = {isa = PBXFileReference; includeInIndex = 1; lastKnownFileType = text.xcconfig; name = "Pods-SSHPadTests.release.xcconfig"; path = "Target Support Files/Pods-SSHPadTests/Pods-SSHPadTests.release.xcconfig"; sourceTree = "<group>"; };
		CDF30336A27BA747D544A5B8 /* Pods_SSHPad_SSHPadUITests.framework */ = {isa = PBXFileReference; explicitFileType = wrapper.framework; includeInIndex = 0; path = Pods_SSHPad_SSHPadUITests.framework; sourceTree = BUILT_PRODUCTS_DIR; };
		EB53BDDA5F523B4BABBEAFE8 /* Pods-SSHPad.debug.xcconfig */ = {isa = PBXFileReference; includeInIndex = 1; lastKnownFileType = text.xcconfig; name = "Pods-SSHPad.debug.xcconfig"; path = "Target Support Files/Pods-SSHPad/Pods-SSHPad.debug.xcconfig"; sourceTree = "<group>"; };
		F4DD4AA5AB7008FCB00F107A /* Pods-SSHPad-SSHPadUITests.release.xcconfig */ = {isa = PBXFileReference; includeInIndex = 1; lastKnownFileType = text.xcconfig; name = "Pods-SSHPad-SSHPadUITests.release.xcconfig"; path = "Target Support Files/Pods-SSHPad-SSHPadUITests/Pods-SSHPad-SSHPadUITests.release.xcconfig"; sourceTree = "<group>"; };
/* End PBXFileReference section */

/* Begin PBXFrameworksBuildPhase section */
		7CA7BE8E26D6F1B0003C14CC /* Frameworks */ = {
			isa = PBXFrameworksBuildPhase;
			buildActionMask = 2147483647;
			files = (
				7CA7BED026D87DBC003C14CC /* SwiftKeychainWrapper in Frameworks */,
				1A41FE71AB6227036FF4DB45 /* Pods_SSHPad.framework in Frameworks */,
			);
			runOnlyForDeploymentPostprocessing = 0;
		};
		7CA7BEA426D6F1B1003C14CC /* Frameworks */ = {
			isa = PBXFrameworksBuildPhase;
			buildActionMask = 2147483647;
			files = (
				04E0B34B50FBA89E3B1E3085 /* Pods_SSHPadTests.framework in Frameworks */,
			);
			runOnlyForDeploymentPostprocessing = 0;
		};
		7CA7BEAF26D6F1B1003C14CC /* Frameworks */ = {
			isa = PBXFrameworksBuildPhase;
			buildActionMask = 2147483647;
			files = (
				5B1813DBA7326AE02608ACCD /* Pods_SSHPad_SSHPadUITests.framework in Frameworks */,
			);
			runOnlyForDeploymentPostprocessing = 0;
		};
/* End PBXFrameworksBuildPhase section */

/* Begin PBXGroup section */
		574FAB692C39FA0488C0B000 /* Frameworks */ = {
			isa = PBXGroup;
			children = (
				66E7CC1503639CDEB403D305 /* Pods_SSHPad.framework */,
				CDF30336A27BA747D544A5B8 /* Pods_SSHPad_SSHPadUITests.framework */,
				A86BD16A1FAC535BC9AF8838 /* Pods_SSHPadTests.framework */,
			);
			name = Frameworks;
			sourceTree = "<group>";
		};
		7CA7BE8826D6F1B0003C14CC = {
			isa = PBXGroup;
			children = (
				7CA7BEC826D70F2D003C14CC /* README.md */,
				7CA7BE9326D6F1B0003C14CC /* SSHPad */,
				7CA7BEAA26D6F1B1003C14CC /* SSHPadTests */,
				7CA7BEB526D6F1B1003C14CC /* SSHPadUITests */,
				7CA7BE9226D6F1B0003C14CC /* Products */,
				86A89E2332403D3DF595D5D8 /* Pods */,
				574FAB692C39FA0488C0B000 /* Frameworks */,
			);
			sourceTree = "<group>";
		};
		7CA7BE9226D6F1B0003C14CC /* Products */ = {
			isa = PBXGroup;
			children = (
				7CA7BE9126D6F1B0003C14CC /* SSHPad.app */,
				7CA7BEA726D6F1B1003C14CC /* SSHPadTests.xctest */,
				7CA7BEB226D6F1B1003C14CC /* SSHPadUITests.xctest */,
			);
			name = Products;
			sourceTree = "<group>";
		};
		7CA7BE9326D6F1B0003C14CC /* SSHPad */ = {
			isa = PBXGroup;
			children = (
				7CA7BEDA26D88730003C14CC /* Helpers */,
				7CA7BED126D880A1003C14CC /* Support Files */,
				7CA7BE9826D6F1B0003C14CC /* ViewController.swift */,
				7CA7BEC926D71EDA003C14CC /* SignInViewController.swift */,
				7CA7BED826D8834B003C14CC /* SignInViewModel.swift */,
			);
			path = SSHPad;
			sourceTree = "<group>";
		};
		7CA7BEAA26D6F1B1003C14CC /* SSHPadTests */ = {
			isa = PBXGroup;
			children = (
				7CA7BEAB26D6F1B1003C14CC /* SSHPadTests.swift */,
				7CA7BEAD26D6F1B1003C14CC /* Info.plist */,
			);
			path = SSHPadTests;
			sourceTree = "<group>";
		};
		7CA7BEB526D6F1B1003C14CC /* SSHPadUITests */ = {
			isa = PBXGroup;
			children = (
				7CA7BEB626D6F1B1003C14CC /* SSHPadUITests.swift */,
				7CA7BEB826D6F1B1003C14CC /* Info.plist */,
			);
			path = SSHPadUITests;
			sourceTree = "<group>";
		};
		7CA7BED126D880A1003C14CC /* Support Files */ = {
			isa = PBXGroup;
			children = (
				7CA7BEC526D6F96A003C14CC /* SSHPad-Bridging-Header.h */,
				7CA7BE9426D6F1B0003C14CC /* AppDelegate.swift */,
				7CA7BE9626D6F1B0003C14CC /* SceneDelegate.swift */,
				7CA7BE9D26D6F1B1003C14CC /* Assets.xcassets */,
				7CA7BE9F26D6F1B1003C14CC /* LaunchScreen.storyboard */,
				7CA7BEA226D6F1B1003C14CC /* Info.plist */,
			);
			path = "Support Files";
			sourceTree = "<group>";
		};
		7CA7BEDA26D88730003C14CC /* Helpers */ = {
			isa = PBXGroup;
			children = (
				7CA7BEDB26D8873D003C14CC /* TextFieldTag.swift */,
			);
			path = Helpers;
			sourceTree = "<group>";
		};
		86A89E2332403D3DF595D5D8 /* Pods */ = {
			isa = PBXGroup;
			children = (
				EB53BDDA5F523B4BABBEAFE8 /* Pods-SSHPad.debug.xcconfig */,
				AF137710F2BA5CB3E6143E69 /* Pods-SSHPad.release.xcconfig */,
				A3E00036C925E309783E9606 /* Pods-SSHPad-SSHPadUITests.debug.xcconfig */,
				F4DD4AA5AB7008FCB00F107A /* Pods-SSHPad-SSHPadUITests.release.xcconfig */,
				799467A062862F846825F07B /* Pods-SSHPadTests.debug.xcconfig */,
				BCEBC95763896202D5790DF8 /* Pods-SSHPadTests.release.xcconfig */,
			);
			path = Pods;
			sourceTree = "<group>";
		};
/* End PBXGroup section */

/* Begin PBXNativeTarget section */
		7CA7BE9026D6F1B0003C14CC /* SSHPad */ = {
			isa = PBXNativeTarget;
			buildConfigurationList = 7CA7BEBB26D6F1B1003C14CC /* Build configuration list for PBXNativeTarget "SSHPad" */;
			buildPhases = (
				B1E61FB3673103473EE9C6A9 /* [CP] Check Pods Manifest.lock */,
				7CA7BE8D26D6F1B0003C14CC /* Sources */,
				7CA7BE8E26D6F1B0003C14CC /* Frameworks */,
				7CA7BE8F26D6F1B0003C14CC /* Resources */,
				37CECF0C73956938952B7757 /* [CP] Embed Pods Frameworks */,
			);
			buildRules = (
			);
			dependencies = (
			);
			name = SSHPad;
			packageProductDependencies = (
				7CA7BECF26D87DBC003C14CC /* SwiftKeychainWrapper */,
			);
			productName = SSHPad;
			productReference = 7CA7BE9126D6F1B0003C14CC /* SSHPad.app */;
			productType = "com.apple.product-type.application";
		};
		7CA7BEA626D6F1B1003C14CC /* SSHPadTests */ = {
			isa = PBXNativeTarget;
			buildConfigurationList = 7CA7BEBE26D6F1B1003C14CC /* Build configuration list for PBXNativeTarget "SSHPadTests" */;
			buildPhases = (
				FD80057A5E0942C9760B3CC7 /* [CP] Check Pods Manifest.lock */,
				7CA7BEA326D6F1B1003C14CC /* Sources */,
				7CA7BEA426D6F1B1003C14CC /* Frameworks */,
				7CA7BEA526D6F1B1003C14CC /* Resources */,
			);
			buildRules = (
			);
			dependencies = (
				7CA7BEA926D6F1B1003C14CC /* PBXTargetDependency */,
			);
			name = SSHPadTests;
			productName = SSHPadTests;
			productReference = 7CA7BEA726D6F1B1003C14CC /* SSHPadTests.xctest */;
			productType = "com.apple.product-type.bundle.unit-test";
		};
		7CA7BEB126D6F1B1003C14CC /* SSHPadUITests */ = {
			isa = PBXNativeTarget;
			buildConfigurationList = 7CA7BEC126D6F1B1003C14CC /* Build configuration list for PBXNativeTarget "SSHPadUITests" */;
			buildPhases = (
				6321F86BE3CFAFCB94783E12 /* [CP] Check Pods Manifest.lock */,
				7CA7BEAE26D6F1B1003C14CC /* Sources */,
				7CA7BEAF26D6F1B1003C14CC /* Frameworks */,
				7CA7BEB026D6F1B1003C14CC /* Resources */,
				A66DF867B4F045AFF53F1DEC /* [CP] Embed Pods Frameworks */,
			);
			buildRules = (
			);
			dependencies = (
				7CA7BEB426D6F1B1003C14CC /* PBXTargetDependency */,
			);
			name = SSHPadUITests;
			productName = SSHPadUITests;
			productReference = 7CA7BEB226D6F1B1003C14CC /* SSHPadUITests.xctest */;
			productType = "com.apple.product-type.bundle.ui-testing";
		};
/* End PBXNativeTarget section */

/* Begin PBXProject section */
		7CA7BE8926D6F1B0003C14CC /* Project object */ = {
			isa = PBXProject;
			attributes = {
				LastSwiftUpdateCheck = 1250;
				LastUpgradeCheck = 1250;
				TargetAttributes = {
					7CA7BE9026D6F1B0003C14CC = {
						CreatedOnToolsVersion = 12.5;
						LastSwiftMigration = 1250;
					};
					7CA7BEA626D6F1B1003C14CC = {
						CreatedOnToolsVersion = 12.5;
						TestTargetID = 7CA7BE9026D6F1B0003C14CC;
					};
					7CA7BEB126D6F1B1003C14CC = {
						CreatedOnToolsVersion = 12.5;
						TestTargetID = 7CA7BE9026D6F1B0003C14CC;
					};
				};
			};
			buildConfigurationList = 7CA7BE8C26D6F1B0003C14CC /* Build configuration list for PBXProject "SSHPad" */;
			compatibilityVersion = "Xcode 9.3";
			developmentRegion = en;
			hasScannedForEncodings = 0;
			knownRegions = (
				en,
				Base,
			);
			mainGroup = 7CA7BE8826D6F1B0003C14CC;
			packageReferences = (
				7CA7BECE26D87DBC003C14CC /* XCRemoteSwiftPackageReference "SwiftKeychainWrapper" */,
			);
			productRefGroup = 7CA7BE9226D6F1B0003C14CC /* Products */;
			projectDirPath = "";
			projectRoot = "";
			targets = (
				7CA7BE9026D6F1B0003C14CC /* SSHPad */,
				7CA7BEA626D6F1B1003C14CC /* SSHPadTests */,
				7CA7BEB126D6F1B1003C14CC /* SSHPadUITests */,
			);
		};
/* End PBXProject section */

/* Begin PBXResourcesBuildPhase section */
		7CA7BE8F26D6F1B0003C14CC /* Resources */ = {
			isa = PBXResourcesBuildPhase;
			buildActionMask = 2147483647;
			files = (
				7CA7BEA126D6F1B1003C14CC /* LaunchScreen.storyboard in Resources */,
				7CA7BE9E26D6F1B1003C14CC /* Assets.xcassets in Resources */,
			);
			runOnlyForDeploymentPostprocessing = 0;
		};
		7CA7BEA526D6F1B1003C14CC /* Resources */ = {
			isa = PBXResourcesBuildPhase;
			buildActionMask = 2147483647;
			files = (
			);
			runOnlyForDeploymentPostprocessing = 0;
		};
		7CA7BEB026D6F1B1003C14CC /* Resources */ = {
			isa = PBXResourcesBuildPhase;
			buildActionMask = 2147483647;
			files = (
			);
			runOnlyForDeploymentPostprocessing = 0;
		};
/* End PBXResourcesBuildPhase section */

/* Begin PBXShellScriptBuildPhase section */
		37CECF0C73956938952B7757 /* [CP] Embed Pods Frameworks */ = {
			isa = PBXShellScriptBuildPhase;
			buildActionMask = 2147483647;
			files = (
			);
			inputFileListPaths = (
				"${PODS_ROOT}/Target Support Files/Pods-SSHPad/Pods-SSHPad-frameworks-${CONFIGURATION}-input-files.xcfilelist",
			);
			name = "[CP] Embed Pods Frameworks";
			outputFileListPaths = (
				"${PODS_ROOT}/Target Support Files/Pods-SSHPad/Pods-SSHPad-frameworks-${CONFIGURATION}-output-files.xcfilelist",
			);
			runOnlyForDeploymentPostprocessing = 0;
			shellPath = /bin/sh;
			shellScript = "\"${PODS_ROOT}/Target Support Files/Pods-SSHPad/Pods-SSHPad-frameworks.sh\"\n";
			showEnvVarsInLog = 0;
		};
		6321F86BE3CFAFCB94783E12 /* [CP] Check Pods Manifest.lock */ = {
			isa = PBXShellScriptBuildPhase;
			buildActionMask = 2147483647;
			files = (
			);
			inputFileListPaths = (
			);
			inputPaths = (
				"${PODS_PODFILE_DIR_PATH}/Podfile.lock",
				"${PODS_ROOT}/Manifest.lock",
			);
			name = "[CP] Check Pods Manifest.lock";
			outputFileListPaths = (
			);
			outputPaths = (
				"$(DERIVED_FILE_DIR)/Pods-SSHPad-SSHPadUITests-checkManifestLockResult.txt",
			);
			runOnlyForDeploymentPostprocessing = 0;
			shellPath = /bin/sh;
			shellScript = "diff \"${PODS_PODFILE_DIR_PATH}/Podfile.lock\" \"${PODS_ROOT}/Manifest.lock\" > /dev/null\nif [ $? != 0 ] ; then\n    # print error to STDERR\n    echo \"error: The sandbox is not in sync with the Podfile.lock. Run 'pod install' or update your CocoaPods installation.\" >&2\n    exit 1\nfi\n# This output is used by Xcode 'outputs' to avoid re-running this script phase.\necho \"SUCCESS\" > \"${SCRIPT_OUTPUT_FILE_0}\"\n";
			showEnvVarsInLog = 0;
		};
		A66DF867B4F045AFF53F1DEC /* [CP] Embed Pods Frameworks */ = {
			isa = PBXShellScriptBuildPhase;
			buildActionMask = 2147483647;
			files = (
			);
			inputFileListPaths = (
				"${PODS_ROOT}/Target Support Files/Pods-SSHPad-SSHPadUITests/Pods-SSHPad-SSHPadUITests-frameworks-${CONFIGURATION}-input-files.xcfilelist",
			);
			name = "[CP] Embed Pods Frameworks";
			outputFileListPaths = (
				"${PODS_ROOT}/Target Support Files/Pods-SSHPad-SSHPadUITests/Pods-SSHPad-SSHPadUITests-frameworks-${CONFIGURATION}-output-files.xcfilelist",
			);
			runOnlyForDeploymentPostprocessing = 0;
			shellPath = /bin/sh;
			shellScript = "\"${PODS_ROOT}/Target Support Files/Pods-SSHPad-SSHPadUITests/Pods-SSHPad-SSHPadUITests-frameworks.sh\"\n";
			showEnvVarsInLog = 0;
		};
		B1E61FB3673103473EE9C6A9 /* [CP] Check Pods Manifest.lock */ = {
			isa = PBXShellScriptBuildPhase;
			buildActionMask = 2147483647;
			files = (
			);
			inputFileListPaths = (
			);
			inputPaths = (
				"${PODS_PODFILE_DIR_PATH}/Podfile.lock",
				"${PODS_ROOT}/Manifest.lock",
			);
			name = "[CP] Check Pods Manifest.lock";
			outputFileListPaths = (
			);
			outputPaths = (
				"$(DERIVED_FILE_DIR)/Pods-SSHPad-checkManifestLockResult.txt",
			);
			runOnlyForDeploymentPostprocessing = 0;
			shellPath = /bin/sh;
			shellScript = "diff \"${PODS_PODFILE_DIR_PATH}/Podfile.lock\" \"${PODS_ROOT}/Manifest.lock\" > /dev/null\nif [ $? != 0 ] ; then\n    # print error to STDERR\n    echo \"error: The sandbox is not in sync with the Podfile.lock. Run 'pod install' or update your CocoaPods installation.\" >&2\n    exit 1\nfi\n# This output is used by Xcode 'outputs' to avoid re-running this script phase.\necho \"SUCCESS\" > \"${SCRIPT_OUTPUT_FILE_0}\"\n";
			showEnvVarsInLog = 0;
		};
		FD80057A5E0942C9760B3CC7 /* [CP] Check Pods Manifest.lock */ = {
			isa = PBXShellScriptBuildPhase;
			buildActionMask = 2147483647;
			files = (
			);
			inputFileListPaths = (
			);
			inputPaths = (
				"${PODS_PODFILE_DIR_PATH}/Podfile.lock",
				"${PODS_ROOT}/Manifest.lock",
			);
			name = "[CP] Check Pods Manifest.lock";
			outputFileListPaths = (
			);
			outputPaths = (
				"$(DERIVED_FILE_DIR)/Pods-SSHPadTests-checkManifestLockResult.txt",
			);
			runOnlyForDeploymentPostprocessing = 0;
			shellPath = /bin/sh;
			shellScript = "diff \"${PODS_PODFILE_DIR_PATH}/Podfile.lock\" \"${PODS_ROOT}/Manifest.lock\" > /dev/null\nif [ $? != 0 ] ; then\n    # print error to STDERR\n    echo \"error: The sandbox is not in sync with the Podfile.lock. Run 'pod install' or update your CocoaPods installation.\" >&2\n    exit 1\nfi\n# This output is used by Xcode 'outputs' to avoid re-running this script phase.\necho \"SUCCESS\" > \"${SCRIPT_OUTPUT_FILE_0}\"\n";
			showEnvVarsInLog = 0;
		};
/* End PBXShellScriptBuildPhase section */

/* Begin PBXSourcesBuildPhase section */
		7CA7BE8D26D6F1B0003C14CC /* Sources */ = {
			isa = PBXSourcesBuildPhase;
			buildActionMask = 2147483647;
			files = (
				7CA7BED726D8817D003C14CC /* SSHPad-Bridging-Header.h in Sources */,
				7CA7BED526D88173003C14CC /* SceneDelegate.swift in Sources */,
				7CA7BEDC26D8873D003C14CC /* TextFieldTag.swift in Sources */,
				7CA7BED926D8834B003C14CC /* SignInViewModel.swift in Sources */,
				7CA7BED426D88170003C14CC /* AppDelegate.swift in Sources */,
				7CA7BED326D8816C003C14CC /* SignInViewController.swift in Sources */,
				7CA7BED226D88168003C14CC /* ViewController.swift in Sources */,
			);
			runOnlyForDeploymentPostprocessing = 0;
		};
		7CA7BEA326D6F1B1003C14CC /* Sources */ = {
			isa = PBXSourcesBuildPhase;
			buildActionMask = 2147483647;
			files = (
				7CA7BEAC26D6F1B1003C14CC /* SSHPadTests.swift in Sources */,
			);
			runOnlyForDeploymentPostprocessing = 0;
		};
		7CA7BEAE26D6F1B1003C14CC /* Sources */ = {
			isa = PBXSourcesBuildPhase;
			buildActionMask = 2147483647;
			files = (
				7CA7BEB726D6F1B1003C14CC /* SSHPadUITests.swift in Sources */,
			);
			runOnlyForDeploymentPostprocessing = 0;
		};
/* End PBXSourcesBuildPhase section */

/* Begin PBXTargetDependency section */
		7CA7BEA926D6F1B1003C14CC /* PBXTargetDependency */ = {
			isa = PBXTargetDependency;
			target = 7CA7BE9026D6F1B0003C14CC /* SSHPad */;
			targetProxy = 7CA7BEA826D6F1B1003C14CC /* PBXContainerItemProxy */;
		};
		7CA7BEB426D6F1B1003C14CC /* PBXTargetDependency */ = {
			isa = PBXTargetDependency;
			target = 7CA7BE9026D6F1B0003C14CC /* SSHPad */;
			targetProxy = 7CA7BEB326D6F1B1003C14CC /* PBXContainerItemProxy */;
		};
/* End PBXTargetDependency section */

/* Begin PBXVariantGroup section */
		7CA7BE9F26D6F1B1003C14CC /* LaunchScreen.storyboard */ = {
			isa = PBXVariantGroup;
			children = (
				7CA7BEA026D6F1B1003C14CC /* Base */,
			);
			name = LaunchScreen.storyboard;
			sourceTree = "<group>";
		};
/* End PBXVariantGroup section */

/* Begin XCBuildConfiguration section */
		7CA7BEB926D6F1B1003C14CC /* Debug */ = {
			isa = XCBuildConfiguration;
			buildSettings = {
				ALWAYS_SEARCH_USER_PATHS = NO;
				CLANG_ANALYZER_NONNULL = YES;
				CLANG_ANALYZER_NUMBER_OBJECT_CONVERSION = YES_AGGRESSIVE;
				CLANG_CXX_LANGUAGE_STANDARD = "gnu++14";
				CLANG_CXX_LIBRARY = "libc++";
				CLANG_ENABLE_MODULES = YES;
				CLANG_ENABLE_OBJC_ARC = YES;
				CLANG_ENABLE_OBJC_WEAK = YES;
				CLANG_WARN_BLOCK_CAPTURE_AUTORELEASING = YES;
				CLANG_WARN_BOOL_CONVERSION = YES;
				CLANG_WARN_COMMA = YES;
				CLANG_WARN_CONSTANT_CONVERSION = YES;
				CLANG_WARN_DEPRECATED_OBJC_IMPLEMENTATIONS = YES;
				CLANG_WARN_DIRECT_OBJC_ISA_USAGE = YES_ERROR;
				CLANG_WARN_DOCUMENTATION_COMMENTS = YES;
				CLANG_WARN_EMPTY_BODY = YES;
				CLANG_WARN_ENUM_CONVERSION = YES;
				CLANG_WARN_INFINITE_RECURSION = YES;
				CLANG_WARN_INT_CONVERSION = YES;
				CLANG_WARN_NON_LITERAL_NULL_CONVERSION = YES;
				CLANG_WARN_OBJC_IMPLICIT_RETAIN_SELF = YES;
				CLANG_WARN_OBJC_LITERAL_CONVERSION = YES;
				CLANG_WARN_OBJC_ROOT_CLASS = YES_ERROR;
				CLANG_WARN_QUOTED_INCLUDE_IN_FRAMEWORK_HEADER = YES;
				CLANG_WARN_RANGE_LOOP_ANALYSIS = YES;
				CLANG_WARN_STRICT_PROTOTYPES = YES;
				CLANG_WARN_SUSPICIOUS_MOVE = YES;
				CLANG_WARN_UNGUARDED_AVAILABILITY = YES_AGGRESSIVE;
				CLANG_WARN_UNREACHABLE_CODE = YES;
				CLANG_WARN__DUPLICATE_METHOD_MATCH = YES;
				COPY_PHASE_STRIP = NO;
				DEBUG_INFORMATION_FORMAT = dwarf;
				ENABLE_STRICT_OBJC_MSGSEND = YES;
				ENABLE_TESTABILITY = YES;
				"EXCLUDED_ARCHS[sdk=iphonesimulator*]" = arm64;
				GCC_C_LANGUAGE_STANDARD = gnu11;
				GCC_DYNAMIC_NO_PIC = NO;
				GCC_NO_COMMON_BLOCKS = YES;
				GCC_OPTIMIZATION_LEVEL = 0;
				GCC_PREPROCESSOR_DEFINITIONS = (
					"DEBUG=1",
					"$(inherited)",
				);
				GCC_WARN_64_TO_32_BIT_CONVERSION = YES;
				GCC_WARN_ABOUT_RETURN_TYPE = YES_ERROR;
				GCC_WARN_UNDECLARED_SELECTOR = YES;
				GCC_WARN_UNINITIALIZED_AUTOS = YES_AGGRESSIVE;
				GCC_WARN_UNUSED_FUNCTION = YES;
				GCC_WARN_UNUSED_VARIABLE = YES;
				IPHONEOS_DEPLOYMENT_TARGET = 14.5;
				MTL_ENABLE_DEBUG_INFO = INCLUDE_SOURCE;
				MTL_FAST_MATH = YES;
				ONLY_ACTIVE_ARCH = YES;
				SDKROOT = iphoneos;
				SWIFT_ACTIVE_COMPILATION_CONDITIONS = DEBUG;
				SWIFT_OPTIMIZATION_LEVEL = "-Onone";
			};
			name = Debug;
		};
		7CA7BEBA26D6F1B1003C14CC /* Release */ = {
			isa = XCBuildConfiguration;
			buildSettings = {
				ALWAYS_SEARCH_USER_PATHS = NO;
				CLANG_ANALYZER_NONNULL = YES;
				CLANG_ANALYZER_NUMBER_OBJECT_CONVERSION = YES_AGGRESSIVE;
				CLANG_CXX_LANGUAGE_STANDARD = "gnu++14";
				CLANG_CXX_LIBRARY = "libc++";
				CLANG_ENABLE_MODULES = YES;
				CLANG_ENABLE_OBJC_ARC = YES;
				CLANG_ENABLE_OBJC_WEAK = YES;
				CLANG_WARN_BLOCK_CAPTURE_AUTORELEASING = YES;
				CLANG_WARN_BOOL_CONVERSION = YES;
				CLANG_WARN_COMMA = YES;
				CLANG_WARN_CONSTANT_CONVERSION = YES;
				CLANG_WARN_DEPRECATED_OBJC_IMPLEMENTATIONS = YES;
				CLANG_WARN_DIRECT_OBJC_ISA_USAGE = YES_ERROR;
				CLANG_WARN_DOCUMENTATION_COMMENTS = YES;
				CLANG_WARN_EMPTY_BODY = YES;
				CLANG_WARN_ENUM_CONVERSION = YES;
				CLANG_WARN_INFINITE_RECURSION = YES;
				CLANG_WARN_INT_CONVERSION = YES;
				CLANG_WARN_NON_LITERAL_NULL_CONVERSION = YES;
				CLANG_WARN_OBJC_IMPLICIT_RETAIN_SELF = YES;
				CLANG_WARN_OBJC_LITERAL_CONVERSION = YES;
				CLANG_WARN_OBJC_ROOT_CLASS = YES_ERROR;
				CLANG_WARN_QUOTED_INCLUDE_IN_FRAMEWORK_HEADER = YES;
				CLANG_WARN_RANGE_LOOP_ANALYSIS = YES;
				CLANG_WARN_STRICT_PROTOTYPES = YES;
				CLANG_WARN_SUSPICIOUS_MOVE = YES;
				CLANG_WARN_UNGUARDED_AVAILABILITY = YES_AGGRESSIVE;
				CLANG_WARN_UNREACHABLE_CODE = YES;
				CLANG_WARN__DUPLICATE_METHOD_MATCH = YES;
				COPY_PHASE_STRIP = NO;
				DEBUG_INFORMATION_FORMAT = "dwarf-with-dsym";
				ENABLE_NS_ASSERTIONS = NO;
				ENABLE_STRICT_OBJC_MSGSEND = YES;
				"EXCLUDED_ARCHS[sdk=iphonesimulator*]" = arm64;
				GCC_C_LANGUAGE_STANDARD = gnu11;
				GCC_NO_COMMON_BLOCKS = YES;
				GCC_WARN_64_TO_32_BIT_CONVERSION = YES;
				GCC_WARN_ABOUT_RETURN_TYPE = YES_ERROR;
				GCC_WARN_UNDECLARED_SELECTOR = YES;
				GCC_WARN_UNINITIALIZED_AUTOS = YES_AGGRESSIVE;
				GCC_WARN_UNUSED_FUNCTION = YES;
				GCC_WARN_UNUSED_VARIABLE = YES;
				IPHONEOS_DEPLOYMENT_TARGET = 14.5;
				MTL_ENABLE_DEBUG_INFO = NO;
				MTL_FAST_MATH = YES;
				ONLY_ACTIVE_ARCH = NO;
				SDKROOT = iphoneos;
				SWIFT_COMPILATION_MODE = wholemodule;
				SWIFT_OPTIMIZATION_LEVEL = "-O";
				VALIDATE_PRODUCT = YES;
			};
			name = Release;
		};
		7CA7BEBC26D6F1B1003C14CC /* Debug */ = {
			isa = XCBuildConfiguration;
			baseConfigurationReference = EB53BDDA5F523B4BABBEAFE8 /* Pods-SSHPad.debug.xcconfig */;
			buildSettings = {
				ASSETCATALOG_COMPILER_APPICON_NAME = AppIcon;
				ASSETCATALOG_COMPILER_GLOBAL_ACCENT_COLOR_NAME = AccentColor;
				CLANG_ENABLE_MODULES = YES;
				CODE_SIGN_STYLE = Automatic;
				DEVELOPMENT_TEAM = ZTGHLM6H83;
				INFOPLIST_FILE = "SSHPad/Support Files/Info.plist";
				IPHONEOS_DEPLOYMENT_TARGET = 9.2;
				LD_RUNPATH_SEARCH_PATHS = (
					"$(inherited)",
					"@executable_path/Frameworks",
				);
				PRODUCT_BUNDLE_IDENTIFIER = tfmartins.SSHPad;
				PRODUCT_NAME = "$(TARGET_NAME)";
				SWIFT_OBJC_BRIDGING_HEADER = "SSHPad/Support Files/SSHPad-Bridging-Header.h";
				SWIFT_OPTIMIZATION_LEVEL = "-Onone";
				SWIFT_VERSION = 5.0;
				TARGETED_DEVICE_FAMILY = 2;
			};
			name = Debug;
		};
		7CA7BEBD26D6F1B1003C14CC /* Release */ = {
			isa = XCBuildConfiguration;
			baseConfigurationReference = AF137710F2BA5CB3E6143E69 /* Pods-SSHPad.release.xcconfig */;
			buildSettings = {
				ASSETCATALOG_COMPILER_APPICON_NAME = AppIcon;
				ASSETCATALOG_COMPILER_GLOBAL_ACCENT_COLOR_NAME = AccentColor;
				CLANG_ENABLE_MODULES = YES;
				CODE_SIGN_STYLE = Automatic;
				DEVELOPMENT_TEAM = ZTGHLM6H83;
				INFOPLIST_FILE = "SSHPad/Support Files/Info.plist";
				IPHONEOS_DEPLOYMENT_TARGET = 9.2;
				LD_RUNPATH_SEARCH_PATHS = (
					"$(inherited)",
					"@executable_path/Frameworks",
				);
				PRODUCT_BUNDLE_IDENTIFIER = tfmartins.SSHPad;
				PRODUCT_NAME = "$(TARGET_NAME)";
				SWIFT_OBJC_BRIDGING_HEADER = "SSHPad/Support Files/SSHPad-Bridging-Header.h";
				SWIFT_VERSION = 5.0;
				TARGETED_DEVICE_FAMILY = 2;
			};
			name = Release;
		};
		7CA7BEBF26D6F1B1003C14CC /* Debug */ = {
			isa = XCBuildConfiguration;
			baseConfigurationReference = 799467A062862F846825F07B /* Pods-SSHPadTests.debug.xcconfig */;
			buildSettings = {
				ALWAYS_EMBED_SWIFT_STANDARD_LIBRARIES = YES;
				BUNDLE_LOADER = "$(TEST_HOST)";
				CODE_SIGN_STYLE = Automatic;
				DEVELOPMENT_TEAM = ZTGHLM6H83;
				INFOPLIST_FILE = SSHPadTests/Info.plist;
				IPHONEOS_DEPLOYMENT_TARGET = 14.5;
				LD_RUNPATH_SEARCH_PATHS = (
					"$(inherited)",
					"@executable_path/Frameworks",
					"@loader_path/Frameworks",
				);
				PRODUCT_BUNDLE_IDENTIFIER = tfmartins.SSHPadTests;
				PRODUCT_NAME = "$(TARGET_NAME)";
				SWIFT_VERSION = 5.0;
				TARGETED_DEVICE_FAMILY = "1,2";
				TEST_HOST = "$(BUILT_PRODUCTS_DIR)/SSHPad.app/SSHPad";
			};
			name = Debug;
		};
		7CA7BEC026D6F1B1003C14CC /* Release */ = {
			isa = XCBuildConfiguration;
			baseConfigurationReference = BCEBC95763896202D5790DF8 /* Pods-SSHPadTests.release.xcconfig */;
			buildSettings = {
				ALWAYS_EMBED_SWIFT_STANDARD_LIBRARIES = YES;
				BUNDLE_LOADER = "$(TEST_HOST)";
				CODE_SIGN_STYLE = Automatic;
				DEVELOPMENT_TEAM = ZTGHLM6H83;
				INFOPLIST_FILE = SSHPadTests/Info.plist;
				IPHONEOS_DEPLOYMENT_TARGET = 14.5;
				LD_RUNPATH_SEARCH_PATHS = (
					"$(inherited)",
					"@executable_path/Frameworks",
					"@loader_path/Frameworks",
				);
				PRODUCT_BUNDLE_IDENTIFIER = tfmartins.SSHPadTests;
				PRODUCT_NAME = "$(TARGET_NAME)";
				SWIFT_VERSION = 5.0;
				TARGETED_DEVICE_FAMILY = "1,2";
				TEST_HOST = "$(BUILT_PRODUCTS_DIR)/SSHPad.app/SSHPad";
			};
			name = Release;
		};
		7CA7BEC226D6F1B1003C14CC /* Debug */ = {
			isa = XCBuildConfiguration;
			baseConfigurationReference = A3E00036C925E309783E9606 /* Pods-SSHPad-SSHPadUITests.debug.xcconfig */;
			buildSettings = {
				ALWAYS_EMBED_SWIFT_STANDARD_LIBRARIES = YES;
				CODE_SIGN_STYLE = Automatic;
				DEVELOPMENT_TEAM = ZTGHLM6H83;
				INFOPLIST_FILE = SSHPadUITests/Info.plist;
				LD_RUNPATH_SEARCH_PATHS = (
					"$(inherited)",
					"@executable_path/Frameworks",
					"@loader_path/Frameworks",
				);
				PRODUCT_BUNDLE_IDENTIFIER = tfmartins.SSHPadUITests;
				PRODUCT_NAME = "$(TARGET_NAME)";
				SWIFT_VERSION = 5.0;
				TARGETED_DEVICE_FAMILY = "1,2";
				TEST_TARGET_NAME = SSHPad;
			};
			name = Debug;
		};
		7CA7BEC326D6F1B1003C14CC /* Release */ = {
			isa = XCBuildConfiguration;
			baseConfigurationReference = F4DD4AA5AB7008FCB00F107A /* Pods-SSHPad-SSHPadUITests.release.xcconfig */;
			buildSettings = {
				ALWAYS_EMBED_SWIFT_STANDARD_LIBRARIES = YES;
				CODE_SIGN_STYLE = Automatic;
				DEVELOPMENT_TEAM = ZTGHLM6H83;
				INFOPLIST_FILE = SSHPadUITests/Info.plist;
				LD_RUNPATH_SEARCH_PATHS = (
					"$(inherited)",
					"@executable_path/Frameworks",
					"@loader_path/Frameworks",
				);
				PRODUCT_BUNDLE_IDENTIFIER = tfmartins.SSHPadUITests;
				PRODUCT_NAME = "$(TARGET_NAME)";
				SWIFT_VERSION = 5.0;
				TARGETED_DEVICE_FAMILY = "1,2";
				TEST_TARGET_NAME = SSHPad;
			};
			name = Release;
		};
/* End XCBuildConfiguration section */

/* Begin XCConfigurationList section */
		7CA7BE8C26D6F1B0003C14CC /* Build configuration list for PBXProject "SSHPad" */ = {
			isa = XCConfigurationList;
			buildConfigurations = (
				7CA7BEB926D6F1B1003C14CC /* Debug */,
				7CA7BEBA26D6F1B1003C14CC /* Release */,
			);
			defaultConfigurationIsVisible = 0;
			defaultConfigurationName = Release;
		};
		7CA7BEBB26D6F1B1003C14CC /* Build configuration list for PBXNativeTarget "SSHPad" */ = {
			isa = XCConfigurationList;
			buildConfigurations = (
				7CA7BEBC26D6F1B1003C14CC /* Debug */,
				7CA7BEBD26D6F1B1003C14CC /* Release */,
			);
			defaultConfigurationIsVisible = 0;
			defaultConfigurationName = Release;
		};
		7CA7BEBE26D6F1B1003C14CC /* Build configuration list for PBXNativeTarget "SSHPadTests" */ = {
			isa = XCConfigurationList;
			buildConfigurations = (
				7CA7BEBF26D6F1B1003C14CC /* Debug */,
				7CA7BEC026D6F1B1003C14CC /* Release */,
			);
			defaultConfigurationIsVisible = 0;
			defaultConfigurationName = Release;
		};
		7CA7BEC126D6F1B1003C14CC /* Build configuration list for PBXNativeTarget "SSHPadUITests" */ = {
			isa = XCConfigurationList;
			buildConfigurations = (
				7CA7BEC226D6F1B1003C14CC /* Debug */,
				7CA7BEC326D6F1B1003C14CC /* Release */,
			);
			defaultConfigurationIsVisible = 0;
			defaultConfigurationName = Release;
		};
/* End XCConfigurationList section */

/* Begin XCRemoteSwiftPackageReference section */
		7CA7BECE26D87DBC003C14CC /* XCRemoteSwiftPackageReference "SwiftKeychainWrapper" */ = {
			isa = XCRemoteSwiftPackageReference;
			repositoryURL = "https://github.com/jrendel/SwiftKeychainWrapper";
			requirement = {
				kind = upToNextMajorVersion;
				minimumVersion = 4.0.1;
			};
		};
/* End XCRemoteSwiftPackageReference section */

/* Begin XCSwiftPackageProductDependency section */
		7CA7BECF26D87DBC003C14CC /* SwiftKeychainWrapper */ = {
			isa = XCSwiftPackageProductDependency;
			package = 7CA7BECE26D87DBC003C14CC /* XCRemoteSwiftPackageReference "SwiftKeychainWrapper" */;
			productName = SwiftKeychainWrapper;
		};
/* End XCSwiftPackageProductDependency section */
	};
	rootObject = 7CA7BE8926D6F1B0003C14CC /* Project object */;
}
